
Microsoft Visual Studio Solution File, Format Version 12.00
# Visual Studio 2013
VisualStudioVersion = 12.0.31101.0
MinimumVisualStudioVersion = 10.0.40219.1
Project("{FAE04EC0-301F-11D3-BF4B-00C04F79EFBC}") = "WasabiRoslynGenerator", "WasabiRoslynGenerator.csproj", "{19DFAE1F-FB84-4771-B6D7-F4526875A6E1}"
EndProject
Project("{FAE04EC0-301F-11D3-BF4B-00C04F79EFBC}") = "Example", "Example\Example.csproj", "{C16DB98C-655F-493E-8751-9AC8A3ACC6F2}"
EndProject
Global
	GlobalSection(SolutionConfigurationPlatforms) = preSolution
		Debug|Any CPU = Debug|Any CPU
		Release|Any CPU = Release|Any CPU
	EndGlobalSection
	GlobalSection(ProjectConfigurationPlatforms) = postSolution
		{19DFAE1F-FB84-4771-B6D7-F4526875A6E1}.Debug|Any CPU.ActiveCfg = Debug|Any CPU
		{19DFAE1F-FB84-4771-B6D7-F4526875A6E1}.Debug|Any CPU.Build.0 = Debug|Any CPU
		{19DFAE1F-FB84-4771-B6D7-F4526875A6E1}.Release|Any CPU.ActiveCfg = Release|Any CPU
		{19DFAE1F-FB84-4771-B6D7-F4526875A6E1}.Release|Any CPU.Build.0 = Release|Any CPU
		{C16DB98C-655F-493E-8751-9AC8A3ACC6F2}.Debug|Any CPU.ActiveCfg = Debug|Any CPU
		{C16DB98C-655F-493E-8751-9AC8A3ACC6F2}.Debug|Any CPU.Build.0 = Debug|Any CPU
		{C16DB98C-655F-493E-8751-9AC8A3ACC6F2}.Release|Any CPU.ActiveCfg = Release|Any CPU
		{C16DB98C-655F-493E-8751-9AC8A3ACC6F2}.Release|Any CPU.Build.0 = Release|Any CPU
	EndGlobalSection
	GlobalSection(SolutionProperties) = preSolution
		HideSolutionNode = FALSE
	EndGlobalSection
EndGlobal
